<?xml version="1.0" encoding="utf-8"?>
<Project ToolsVersion="4.0" xmlns="http://schemas.microsoft.com/developer/msbuild/2003">
  <ItemGroup>
    <Filter Include="Fichiers sources">
      <UniqueIdentifier>{4FC737F1-C7A5-4376-A066-2A32D752A2FF}</UniqueIdentifier>
      <Extensions>cpp;c;cc;cxx;c++;cppm;ixx;def;odl;idl;hpj;bat;asm;asmx</Extensions>
    </Filter>
    <Filter Include="Fichiers d%27en-tête">
      <UniqueIdentifier>{93995380-89BD-4b04-88EB-625FBE52EBFB}</UniqueIdentifier>
      <Extensions>h;hh;hpp;hxx;h++;hm;inl;inc;ipp;xsd</Extensions>
    </Filter>
    <Filter Include="Fichiers de ressources">
      <UniqueIdentifier>{67DA6AB6-F800-4c08-8B7A-83BB121AAD01}</UniqueIdentifier>
      <Extensions>rc;ico;cur;bmp;dlg;rc2;rct;bin;rgs;gif;jpg;jpeg;jpe;resx;tiff;tif;png;wav;mfcribbon-ms</Extensions>
    </Filter>
    <Filter Include="hook">
      <UniqueIdentifier>{43f83ad3-6f4e-4cb0-ba1e-ffed5a745fa2}</UniqueIdentifier>
    </Filter>
    <Filter Include="dx">
      <UniqueIdentifier>{feaed8c4-4258-4ec6-938f-603a7b5dcb1a}</UniqueIdentifier>
    </Filter>
    <Filter Include="internal">
      <UniqueIdentifier>{a2f8905e-3874-4f60-b396-8cfb60886875}</UniqueIdentifier>
    </Filter>
  </ItemGroup>
  <ItemGroup>
    <ClCompile Include="dllmain.cpp">
      <Filter>Fichiers sources</Filter>
    </ClCompile>
    <ClCompile Include="hook.cpp">
      <Filter>hook</Filter>
    </ClCompile>
    <ClCompile Include="drawing.cpp">
      <Filter>dx</Filter>
    </ClCompile>
    <ClCompile Include="dx.cpp">
      <Filter>dx</Filter>
    </ClCompile>
    <ClCompile Include="internal.cpp">
      <Filter>internal</Filter>
    </ClCompile>
    <ClCompile Include="Hack.cpp">
      <Filter>Fichiers sources</Filter>
    </ClCompile>
  </ItemGroup>
  <ItemGroup>
    <ClInclude Include="hook.h">
      <Filter>hook</Filter>
    </ClInclude>
    <ClInclude Include="dx.h">
      <Filter>dx</Filter>
    </ClInclude>
    <ClInclude Include="includes.h">
      <Filter>Fichiers d%27en-tête</Filter>
    </ClInclude>
    <ClInclude Include="drawing.h">
      <Filter>dx</Filter>
    </ClInclude>
    <ClInclude Include="internal.h">
      <Filter>internal</Filter>
    </ClInclude>
    <ClInclude Include="csgo.hpp">
      <Filter>Fichiers d%27en-tête</Filter>
    </ClInclude>
    <ClInclude Include="dataTypes.h">
      <Filter>Fichiers d%27en-tête</Filter>
    </ClInclude>
    <ClInclude Include="hack.h">
      <Filter>Fichiers sources</Filter>
    </ClInclude>
  </ItemGroup>
</Project>